version = 1
revision = 2
requires-python = ">=3.12"

[[package]]
name = "cffi"
version = "1.17.1"
source = { registry = "https://pypi.org/simple" }
dependencies = [
    { name = "pycparser" },
]
sdist = { url = "https://files.pythonhosted.org/packages/fc/97/c783634659c2920c3fc70419e3af40972dbaf758daa229a7d6ea6135c90d/cffi-1.17.1.tar.gz", hash = "sha256:1c39c6016c32bc48dd54561950ebd6836e1670f2ae46128f67cf49e789c52824", size = 516621, upload_time = "2024-09-04T20:45:21.852Z" }
wheels = [
    { url = "https://files.pythonhosted.org/packages/5a/84/e94227139ee5fb4d600a7a4927f322e1d4aea6fdc50bd3fca8493caba23f/cffi-1.17.1-cp312-cp312-macosx_10_9_x86_64.whl", hash = "sha256:805b4371bf7197c329fcb3ead37e710d1bca9da5d583f5073b799d5c5bd1eee4", size = 183178, upload_time = "2024-09-04T20:44:12.232Z" },
    { url = "https://files.pythonhosted.org/packages/da/ee/fb72c2b48656111c4ef27f0f91da355e130a923473bf5ee75c5643d00cca/cffi-1.17.1-cp312-cp312-macosx_11_0_arm64.whl", hash = "sha256:733e99bc2df47476e3848417c5a4540522f234dfd4ef3ab7fafdf555b082ec0c", size = 178840, upload_time = "2024-09-04T20:44:13.739Z" },
    { url = "https://files.pythonhosted.org/packages/cc/b6/db007700f67d151abadf508cbfd6a1884f57eab90b1bb985c4c8c02b0f28/cffi-1.17.1-cp312-cp312-manylinux_2_12_i686.manylinux2010_i686.manylinux_2_17_i686.manylinux2014_i686.whl", hash = "sha256:1257bdabf294dceb59f5e70c64a3e2f462c30c7ad68092d01bbbfb1c16b1ba36", size = 454803, upload_time = "2024-09-04T20:44:15.231Z" },
    { url = "https://files.pythonhosted.org/packages/1a/df/f8d151540d8c200eb1c6fba8cd0dfd40904f1b0682ea705c36e6c2e97ab3/cffi-1.17.1-cp312-cp312-manylinux_2_17_aarch64.manylinux2014_aarch64.whl", hash = "sha256:da95af8214998d77a98cc14e3a3bd00aa191526343078b530ceb0bd710fb48a5", size = 478850, upload_time = "2024-09-04T20:44:17.188Z" },
    { url = "https://files.pythonhosted.org/packages/28/c0/b31116332a547fd2677ae5b78a2ef662dfc8023d67f41b2a83f7c2aa78b1/cffi-1.17.1-cp312-cp312-manylinux_2_17_ppc64le.manylinux2014_ppc64le.whl", hash = "sha256:d63afe322132c194cf832bfec0dc69a99fb9bb6bbd550f161a49e9e855cc78ff", size = 485729, upload_time = "2024-09-04T20:44:18.688Z" },
    { url = "https://files.pythonhosted.org/packages/91/2b/9a1ddfa5c7f13cab007a2c9cc295b70fbbda7cb10a286aa6810338e60ea1/cffi-1.17.1-cp312-cp312-manylinux_2_17_s390x.manylinux2014_s390x.whl", hash = "sha256:f79fc4fc25f1c8698ff97788206bb3c2598949bfe0fef03d299eb1b5356ada99", size = 471256, upload_time = "2024-09-04T20:44:20.248Z" },
    { url = "https://files.pythonhosted.org/packages/b2/d5/da47df7004cb17e4955df6a43d14b3b4ae77737dff8bf7f8f333196717bf/cffi-1.17.1-cp312-cp312-manylinux_2_17_x86_64.manylinux2014_x86_64.whl", hash = "sha256:b62ce867176a75d03a665bad002af8e6d54644fad99a3c70905c543130e39d93", size = 479424, upload_time = "2024-09-04T20:44:21.673Z" },
    { url = "https://files.pythonhosted.org/packages/0b/ac/2a28bcf513e93a219c8a4e8e125534f4f6db03e3179ba1c45e949b76212c/cffi-1.17.1-cp312-cp312-musllinux_1_1_aarch64.whl", hash = "sha256:386c8bf53c502fff58903061338ce4f4950cbdcb23e2902d86c0f722b786bbe3", size = 484568, upload_time = "2024-09-04T20:44:23.245Z" },
    { url = "https://files.pythonhosted.org/packages/d4/38/ca8a4f639065f14ae0f1d9751e70447a261f1a30fa7547a828ae08142465/cffi-1.17.1-cp312-cp312-musllinux_1_1_x86_64.whl", hash = "sha256:4ceb10419a9adf4460ea14cfd6bc43d08701f0835e979bf821052f1805850fe8", size = 488736, upload_time = "2024-09-04T20:44:24.757Z" },
    { url = "https://files.pythonhosted.org/packages/86/c5/28b2d6f799ec0bdecf44dced2ec5ed43e0eb63097b0f58c293583b406582/cffi-1.17.1-cp312-cp312-win32.whl", hash = "sha256:a08d7e755f8ed21095a310a693525137cfe756ce62d066e53f502a83dc550f65", size = 172448, upload_time = "2024-09-04T20:44:26.208Z" },
    { url = "https://files.pythonhosted.org/packages/50/b9/db34c4755a7bd1cb2d1603ac3863f22bcecbd1ba29e5ee841a4bc510b294/cffi-1.17.1-cp312-cp312-win_amd64.whl", hash = "sha256:51392eae71afec0d0c8fb1a53b204dbb3bcabcb3c9b807eedf3e1e6ccf2de903", size = 181976, upload_time = "2024-09-04T20:44:27.578Z" },
    { url = "https://files.pythonhosted.org/packages/8d/f8/dd6c246b148639254dad4d6803eb6a54e8c85c6e11ec9df2cffa87571dbe/cffi-1.17.1-cp313-cp313-macosx_10_13_x86_64.whl", hash = "sha256:f3a2b4222ce6b60e2e8b337bb9596923045681d71e5a082783484d845390938e", size = 182989, upload_time = "2024-09-04T20:44:28.956Z" },
    { url = "https://files.pythonhosted.org/packages/8b/f1/672d303ddf17c24fc83afd712316fda78dc6fce1cd53011b839483e1ecc8/cffi-1.17.1-cp313-cp313-macosx_11_0_arm64.whl", hash = "sha256:0984a4925a435b1da406122d4d7968dd861c1385afe3b45ba82b750f229811e2", size = 178802, upload_time = "2024-09-04T20:44:30.289Z" },
    { url = "https://files.pythonhosted.org/packages/0e/2d/eab2e858a91fdff70533cab61dcff4a1f55ec60425832ddfdc9cd36bc8af/cffi-1.17.1-cp313-cp313-manylinux_2_12_i686.manylinux2010_i686.manylinux_2_17_i686.manylinux2014_i686.whl", hash = "sha256:d01b12eeeb4427d3110de311e1774046ad344f5b1a7403101878976ecd7a10f3", size = 454792, upload_time = "2024-09-04T20:44:32.01Z" },
    { url = "https://files.pythonhosted.org/packages/75/b2/fbaec7c4455c604e29388d55599b99ebcc250a60050610fadde58932b7ee/cffi-1.17.1-cp313-cp313-manylinux_2_17_aarch64.manylinux2014_aarch64.whl", hash = "sha256:706510fe141c86a69c8ddc029c7910003a17353970cff3b904ff0686a5927683", size = 478893, upload_time = "2024-09-04T20:44:33.606Z" },
    { url = "https://files.pythonhosted.org/packages/4f/b7/6e4a2162178bf1935c336d4da8a9352cccab4d3a5d7914065490f08c0690/cffi-1.17.1-cp313-cp313-manylinux_2_17_ppc64le.manylinux2014_ppc64le.whl", hash = "sha256:de55b766c7aa2e2a3092c51e0483d700341182f08e67c63630d5b6f200bb28e5", size = 485810, upload_time = "2024-09-04T20:44:35.191Z" },
    { url = "https://files.pythonhosted.org/packages/c7/8a/1d0e4a9c26e54746dc08c2c6c037889124d4f59dffd853a659fa545f1b40/cffi-1.17.1-cp313-cp313-manylinux_2_17_s390x.manylinux2014_s390x.whl", hash = "sha256:c59d6e989d07460165cc5ad3c61f9fd8f1b4796eacbd81cee78957842b834af4", size = 471200, upload_time = "2024-09-04T20:44:36.743Z" },
    { url = "https://files.pythonhosted.org/packages/26/9f/1aab65a6c0db35f43c4d1b4f580e8df53914310afc10ae0397d29d697af4/cffi-1.17.1-cp313-cp313-manylinux_2_17_x86_64.manylinux2014_x86_64.whl", hash = "sha256:dd398dbc6773384a17fe0d3e7eeb8d1a21c2200473ee6806bb5e6a8e62bb73dd", size = 479447, upload_time = "2024-09-04T20:44:38.492Z" },
    { url = "https://files.pythonhosted.org/packages/5f/e4/fb8b3dd8dc0e98edf1135ff067ae070bb32ef9d509d6cb0f538cd6f7483f/cffi-1.17.1-cp313-cp313-musllinux_1_1_aarch64.whl", hash = "sha256:3edc8d958eb099c634dace3c7e16560ae474aa3803a5df240542b305d14e14ed", size = 484358, upload_time = "2024-09-04T20:44:40.046Z" },
    { url = "https://files.pythonhosted.org/packages/f1/47/d7145bf2dc04684935d57d67dff9d6d795b2ba2796806bb109864be3a151/cffi-1.17.1-cp313-cp313-musllinux_1_1_x86_64.whl", hash = "sha256:72e72408cad3d5419375fc87d289076ee319835bdfa2caad331e377589aebba9", size = 488469, upload_time = "2024-09-04T20:44:41.616Z" },
    { url = "https://files.pythonhosted.org/packages/bf/ee/f94057fa6426481d663b88637a9a10e859e492c73d0384514a17d78ee205/cffi-1.17.1-cp313-cp313-win32.whl", hash = "sha256:e03eab0a8677fa80d646b5ddece1cbeaf556c313dcfac435ba11f107ba117b5d", size = 172475, upload_time = "2024-09-04T20:44:43.733Z" },
    { url = "https://files.pythonhosted.org/packages/7c/fc/6a8cb64e5f0324877d503c854da15d76c1e50eb722e320b15345c4d0c6de/cffi-1.17.1-cp313-cp313-win_amd64.whl", hash = "sha256:f6a16c31041f09ead72d69f583767292f750d24913dadacf5756b966aacb3f1a", size = 182009, upload_time = "2024-09-04T20:44:45.309Z" },
]

[[package]]
name = "cryptography"
version = "45.0.3"
source = { registry = "https://pypi.org/simple" }
dependencies = [
    { name = "cffi", marker = "platform_python_implementation != 'PyPy'" },
]
sdist = { url = "https://files.pythonhosted.org/packages/13/1f/9fa001e74a1993a9cadd2333bb889e50c66327b8594ac538ab8a04f915b7/cryptography-45.0.3.tar.gz", hash = "sha256:ec21313dd335c51d7877baf2972569f40a4291b76a0ce51391523ae358d05899", size = 744738, upload_time = "2025-05-25T14:17:24.777Z" }
wheels = [
    { url = "https://files.pythonhosted.org/packages/82/b2/2345dc595998caa6f68adf84e8f8b50d18e9fc4638d32b22ea8daedd4b7a/cryptography-45.0.3-cp311-abi3-macosx_10_9_universal2.whl", hash = "sha256:7573d9eebaeceeb55285205dbbb8753ac1e962af3d9640791d12b36864065e71", size = 7056239, upload_time = "2025-05-25T14:16:12.22Z" },
    { url = "https://files.pythonhosted.org/packages/71/3d/ac361649a0bfffc105e2298b720d8b862330a767dab27c06adc2ddbef96a/cryptography-45.0.3-cp311-abi3-manylinux_2_17_aarch64.manylinux2014_aarch64.whl", hash = "sha256:d377dde61c5d67eb4311eace661c3efda46c62113ff56bf05e2d679e02aebb5b", size = 4205541, upload_time = "2025-05-25T14:16:14.333Z" },
    { url = "https://files.pythonhosted.org/packages/70/3e/c02a043750494d5c445f769e9c9f67e550d65060e0bfce52d91c1362693d/cryptography-45.0.3-cp311-abi3-manylinux_2_17_x86_64.manylinux2014_x86_64.whl", hash = "sha256:fae1e637f527750811588e4582988932c222f8251f7b7ea93739acb624e1487f", size = 4433275, upload_time = "2025-05-25T14:16:16.421Z" },
    { url = "https://files.pythonhosted.org/packages/40/7a/9af0bfd48784e80eef3eb6fd6fde96fe706b4fc156751ce1b2b965dada70/cryptography-45.0.3-cp311-abi3-manylinux_2_28_aarch64.whl", hash = "sha256:ca932e11218bcc9ef812aa497cdf669484870ecbcf2d99b765d6c27a86000942", size = 4209173, upload_time = "2025-05-25T14:16:18.163Z" },
    { url = "https://files.pythonhosted.org/packages/31/5f/d6f8753c8708912df52e67969e80ef70b8e8897306cd9eb8b98201f8c184/cryptography-45.0.3-cp311-abi3-manylinux_2_28_armv7l.manylinux_2_31_armv7l.whl", hash = "sha256:af3f92b1dc25621f5fad065288a44ac790c5798e986a34d393ab27d2b27fcff9", size = 3898150, upload_time = "2025-05-25T14:16:20.34Z" },
    { url = "https://files.pythonhosted.org/packages/8b/50/f256ab79c671fb066e47336706dc398c3b1e125f952e07d54ce82cf4011a/cryptography-45.0.3-cp311-abi3-manylinux_2_28_x86_64.whl", hash = "sha256:2f8f8f0b73b885ddd7f3d8c2b2234a7d3ba49002b0223f58cfde1bedd9563c56", size = 4466473, upload_time = "2025-05-25T14:16:22.605Z" },
    { url = "https://files.pythonhosted.org/packages/62/e7/312428336bb2df0848d0768ab5a062e11a32d18139447a76dfc19ada8eed/cryptography-45.0.3-cp311-abi3-manylinux_2_34_aarch64.whl", hash = "sha256:9cc80ce69032ffa528b5e16d217fa4d8d4bb7d6ba8659c1b4d74a1b0f4235fca", size = 4211890, upload_time = "2025-05-25T14:16:24.738Z" },
    { url = "https://files.pythonhosted.org/packages/e7/53/8a130e22c1e432b3c14896ec5eb7ac01fb53c6737e1d705df7e0efb647c6/cryptography-45.0.3-cp311-abi3-manylinux_2_34_x86_64.whl", hash = "sha256:c824c9281cb628015bfc3c59335163d4ca0540d49de4582d6c2637312907e4b1", size = 4466300, upload_time = "2025-05-25T14:16:26.768Z" },
    { url = "https://files.pythonhosted.org/packages/ba/75/6bb6579688ef805fd16a053005fce93944cdade465fc92ef32bbc5c40681/cryptography-45.0.3-cp311-abi3-musllinux_1_2_aarch64.whl", hash = "sha256:5833bb4355cb377ebd880457663a972cd044e7f49585aee39245c0d592904578", size = 4332483, upload_time = "2025-05-25T14:16:28.316Z" },
    { url = "https://files.pythonhosted.org/packages/2f/11/2538f4e1ce05c6c4f81f43c1ef2bd6de7ae5e24ee284460ff6c77e42ca77/cryptography-45.0.3-cp311-abi3-musllinux_1_2_x86_64.whl", hash = "sha256:9bb5bf55dcb69f7067d80354d0a348368da907345a2c448b0babc4215ccd3497", size = 4573714, upload_time = "2025-05-25T14:16:30.474Z" },
    { url = "https://files.pythonhosted.org/packages/f5/bb/e86e9cf07f73a98d84a4084e8fd420b0e82330a901d9cac8149f994c3417/cryptography-45.0.3-cp311-abi3-win32.whl", hash = "sha256:3ad69eeb92a9de9421e1f6685e85a10fbcfb75c833b42cc9bc2ba9fb00da4710", size = 2934752, upload_time = "2025-05-25T14:16:32.204Z" },
    { url = "https://files.pythonhosted.org/packages/c7/75/063bc9ddc3d1c73e959054f1fc091b79572e716ef74d6caaa56e945b4af9/cryptography-45.0.3-cp311-abi3-win_amd64.whl", hash = "sha256:97787952246a77d77934d41b62fb1b6f3581d83f71b44796a4158d93b8f5c490", size = 3412465, upload_time = "2025-05-25T14:16:33.888Z" },
    { url = "https://files.pythonhosted.org/packages/71/9b/04ead6015229a9396890d7654ee35ef630860fb42dc9ff9ec27f72157952/cryptography-45.0.3-cp37-abi3-macosx_10_9_universal2.whl", hash = "sha256:c92519d242703b675ccefd0f0562eb45e74d438e001f8ab52d628e885751fb06", size = 7031892, upload_time = "2025-05-25T14:16:36.214Z" },
    { url = "https://files.pythonhosted.org/packages/46/c7/c7d05d0e133a09fc677b8a87953815c522697bdf025e5cac13ba419e7240/cryptography-45.0.3-cp37-abi3-manylinux_2_17_aarch64.manylinux2014_aarch64.whl", hash = "sha256:c5edcb90da1843df85292ef3a313513766a78fbbb83f584a5a58fb001a5a9d57", size = 4196181, upload_time = "2025-05-25T14:16:37.934Z" },
    { url = "https://files.pythonhosted.org/packages/08/7a/6ad3aa796b18a683657cef930a986fac0045417e2dc428fd336cfc45ba52/cryptography-45.0.3-cp37-abi3-manylinux_2_17_x86_64.manylinux2014_x86_64.whl", hash = "sha256:38deed72285c7ed699864f964a3f4cf11ab3fb38e8d39cfcd96710cd2b5bb716", size = 4423370, upload_time = "2025-05-25T14:16:39.502Z" },
    { url = "https://files.pythonhosted.org/packages/4f/58/ec1461bfcb393525f597ac6a10a63938d18775b7803324072974b41a926b/cryptography-45.0.3-cp37-abi3-manylinux_2_28_aarch64.whl", hash = "sha256:5555365a50efe1f486eed6ac7062c33b97ccef409f5970a0b6f205a7cfab59c8", size = 4197839, upload_time = "2025-05-25T14:16:41.322Z" },
    { url = "https://files.pythonhosted.org/packages/d4/3d/5185b117c32ad4f40846f579369a80e710d6146c2baa8ce09d01612750db/cryptography-45.0.3-cp37-abi3-manylinux_2_28_armv7l.manylinux_2_31_armv7l.whl", hash = "sha256:9e4253ed8f5948a3589b3caee7ad9a5bf218ffd16869c516535325fece163dcc", size = 3886324, upload_time = "2025-05-25T14:16:43.041Z" },
    { url = "https://files.pythonhosted.org/packages/67/85/caba91a57d291a2ad46e74016d1f83ac294f08128b26e2a81e9b4f2d2555/cryptography-45.0.3-cp37-abi3-manylinux_2_28_x86_64.whl", hash = "sha256:cfd84777b4b6684955ce86156cfb5e08d75e80dc2585e10d69e47f014f0a5342", size = 4450447, upload_time = "2025-05-25T14:16:44.759Z" },
    { url = "https://files.pythonhosted.org/packages/ae/d1/164e3c9d559133a38279215c712b8ba38e77735d3412f37711b9f8f6f7e0/cryptography-45.0.3-cp37-abi3-manylinux_2_34_aarch64.whl", hash = "sha256:a2b56de3417fd5f48773ad8e91abaa700b678dc7fe1e0c757e1ae340779acf7b", size = 4200576, upload_time = "2025-05-25T14:16:46.438Z" },
    { url = "https://files.pythonhosted.org/packages/71/7a/e002d5ce624ed46dfc32abe1deff32190f3ac47ede911789ee936f5a4255/cryptography-45.0.3-cp37-abi3-manylinux_2_34_x86_64.whl", hash = "sha256:57a6500d459e8035e813bd8b51b671977fb149a8c95ed814989da682314d0782", size = 4450308, upload_time = "2025-05-25T14:16:48.228Z" },
    { url = "https://files.pythonhosted.org/packages/87/ad/3fbff9c28cf09b0a71e98af57d74f3662dea4a174b12acc493de00ea3f28/cryptography-45.0.3-cp37-abi3-musllinux_1_2_aarch64.whl", hash = "sha256:f22af3c78abfbc7cbcdf2c55d23c3e022e1a462ee2481011d518c7fb9c9f3d65", size = 4325125, upload_time = "2025-05-25T14:16:49.844Z" },
    { url = "https://files.pythonhosted.org/packages/f5/b4/51417d0cc01802304c1984d76e9592f15e4801abd44ef7ba657060520bf0/cryptography-45.0.3-cp37-abi3-musllinux_1_2_x86_64.whl", hash = "sha256:232954730c362638544758a8160c4ee1b832dc011d2c41a306ad8f7cccc5bb0b", size = 4560038, upload_time = "2025-05-25T14:16:51.398Z" },
    { url = "https://files.pythonhosted.org/packages/80/38/d572f6482d45789a7202fb87d052deb7a7b136bf17473ebff33536727a2c/cryptography-45.0.3-cp37-abi3-win32.whl", hash = "sha256:cb6ab89421bc90e0422aca911c69044c2912fc3debb19bb3c1bfe28ee3dff6ab", size = 2924070, upload_time = "2025-05-25T14:16:53.472Z" },
    { url = "https://files.pythonhosted.org/packages/91/5a/61f39c0ff4443651cc64e626fa97ad3099249152039952be8f344d6b0c86/cryptography-45.0.3-cp37-abi3-win_amd64.whl", hash = "sha256:d54ae41e6bd70ea23707843021c778f151ca258081586f0cfa31d936ae43d1b2", size = 3395005, upload_time = "2025-05-25T14:16:55.134Z" },
]

[[package]]
name = "grpcio"
version = "1.72.1"
source = { registry = "https://pypi.org/simple" }
sdist = { url = "https://files.pythonhosted.org/packages/fe/45/ff8c80a5a2e7e520d9c4d3c41484a11d33508253f6f4dd06d2c4b4158999/grpcio-1.72.1.tar.gz", hash = "sha256:87f62c94a40947cec1a0f91f95f5ba0aa8f799f23a1d42ae5be667b6b27b959c", size = 12584286, upload_time = "2025-06-02T10:14:11.595Z" }
wheels = [
    { url = "https://files.pythonhosted.org/packages/63/c7/df1432747d3a2b6659acfeaf28ca0e0f28c2258d8e4a7919fa72e780dfe2/grpcio-1.72.1-cp312-cp312-linux_armv7l.whl", hash = "sha256:65a5ef28e5852bd281c6d01a923906e8036736e95e370acab8626fcbec041e67", size = 5183091, upload_time = "2025-06-02T10:09:25.965Z" },
    { url = "https://files.pythonhosted.org/packages/0b/98/c68a9ecff8a87fd901996a2f2b1b1fbc7fb4b84745554b4b6aad17ebb2c0/grpcio-1.72.1-cp312-cp312-macosx_11_0_universal2.whl", hash = "sha256:9e5c594a6c779d674204fb9bdaa1e7b71666ff10b34a62e7769fc6868b5d7511", size = 10310217, upload_time = "2025-06-02T10:09:28.844Z" },
    { url = "https://files.pythonhosted.org/packages/8e/36/47e92db463dbd3a7548826a23ceb6268398e3adeaf319f3620d6077d1923/grpcio-1.72.1-cp312-cp312-manylinux_2_17_aarch64.whl", hash = "sha256:d324f4bdb990d852d79b38c59a12d24fcd47cf3b1a38f2e4d2b6d0b1031bc818", size = 5583760, upload_time = "2025-06-02T10:09:32.582Z" },
    { url = "https://files.pythonhosted.org/packages/90/45/a3f6518e74936ff1aeb35b6df2d7e305d64c64ff250c93f44691e4c61809/grpcio-1.72.1-cp312-cp312-manylinux_2_17_i686.manylinux2014_i686.whl", hash = "sha256:841db55dd29cf2f4121b853b2f89813a1b6175163fbb92c5945fb1b0ca259ef2", size = 6226190, upload_time = "2025-06-02T10:09:35.769Z" },
    { url = "https://files.pythonhosted.org/packages/19/45/e94c04b5f8eb1faf101d5a51d0f2a7cf32c8941140773432ee8a5a9f3c66/grpcio-1.72.1-cp312-cp312-manylinux_2_17_x86_64.manylinux2014_x86_64.whl", hash = "sha256:00da930aa2711b955a538e835096aa365a4b7f2701bdc2ce1febb242a103f8a1", size = 5823977, upload_time = "2025-06-02T10:09:37.971Z" },
    { url = "https://files.pythonhosted.org/packages/f8/69/f0545eee182976aa78f7a16e7cc7867755f63983a07b61c95081fa1e7b75/grpcio-1.72.1-cp312-cp312-musllinux_1_1_aarch64.whl", hash = "sha256:4b657773480267fbb7ad733fa85abc103c52ab62e5bc97791faf82c53836eefc", size = 5941314, upload_time = "2025-06-02T10:09:40.227Z" },
    { url = "https://files.pythonhosted.org/packages/7d/e3/fe8b207758aeb315e6fe3f6a97051eb2b46fee8f0bf3e209b849fc4a4097/grpcio-1.72.1-cp312-cp312-musllinux_1_1_i686.whl", hash = "sha256:a08b483f17a6abca2578283a7ae3aa8d4d90347242b0de2898bdb27395c3f20b", size = 6569329, upload_time = "2025-06-02T10:09:43.117Z" },
    { url = "https://files.pythonhosted.org/packages/a7/d3/b728115d9e4e9875673b51e84cac05b500f658c36a0319f5a475f2f4f4e6/grpcio-1.72.1-cp312-cp312-musllinux_1_1_x86_64.whl", hash = "sha256:299f3ea4e03c1d0548f4a174b48d612412f92c667f2100e30a079ab76fdaa813", size = 6117842, upload_time = "2025-06-02T10:09:46.089Z" },
    { url = "https://files.pythonhosted.org/packages/f5/95/e684925de5385b0eda45cf33486d19747f48ac1663b28734178bfeff7762/grpcio-1.72.1-cp312-cp312-win32.whl", hash = "sha256:addc721a3708ff789da1bf69876018dc730c1ec9d3d3cb6912776a00c535a5bc", size = 3545882, upload_time = "2025-06-02T10:09:48.124Z" },
    { url = "https://files.pythonhosted.org/packages/3e/e0/7732afef82ac92a3eaf635546f077ec96e59fe7b7b6729d6607589396cda/grpcio-1.72.1-cp312-cp312-win_amd64.whl", hash = "sha256:22ea2aa92a60dff231ba5fcd7f0220a33c2218e556009996f858eeafe294d1c2", size = 4221058, upload_time = "2025-06-02T10:09:50.926Z" },
    { url = "https://files.pythonhosted.org/packages/c3/69/219b0df426cf187535254825b4d4eda8ed3d3bc7dc844725a1ed14f642bf/grpcio-1.72.1-cp313-cp313-linux_armv7l.whl", hash = "sha256:294be6e9c323a197434569a41e0fb5b5aa0962fd5d55a3dc890ec5df985f611a", size = 5183578, upload_time = "2025-06-02T10:09:53.151Z" },
    { url = "https://files.pythonhosted.org/packages/b2/34/a5a5e037a862b2e90c1465791e091d3d2965d893d90dda6c1e7c0a991eb8/grpcio-1.72.1-cp313-cp313-macosx_11_0_universal2.whl", hash = "sha256:41ec164dac8df2862f67457d9cdf8d8f8b6a4ca475a3ed1ba6547fff98d93717", size = 10306253, upload_time = "2025-06-02T10:09:55.629Z" },
    { url = "https://files.pythonhosted.org/packages/56/8a/8aa932e3833e45772015b2c4a2ebf61649633698f24a84bf55477230b019/grpcio-1.72.1-cp313-cp313-manylinux_2_17_aarch64.whl", hash = "sha256:761736f75c6ddea3732d97eaabe70c616271f5f542a8be95515135fdd1a638f6", size = 5586381, upload_time = "2025-06-02T10:09:58.538Z" },
    { url = "https://files.pythonhosted.org/packages/0e/43/aff1cc76f8e04a060ec8e733d3c91e198ea9f1602a2a26f05db4185aa2dd/grpcio-1.72.1-cp313-cp313-manylinux_2_17_i686.manylinux2014_i686.whl", hash = "sha256:082003cb93618964c111c70d69b60ac0dc6566d4c254c9b2a775faa2965ba8f8", size = 6231049, upload_time = "2025-06-02T10:10:00.827Z" },
    { url = "https://files.pythonhosted.org/packages/64/6e/89e5692ee8b67cedcf802553c77538cc0e21c392b37dd51525d89884db17/grpcio-1.72.1-cp313-cp313-manylinux_2_17_x86_64.manylinux2014_x86_64.whl", hash = "sha256:8660f736da75424949c14f7c8b1ac60a25b2f37cabdec95181834b405373e8a7", size = 5826465, upload_time = "2025-06-02T10:10:03.236Z" },
    { url = "https://files.pythonhosted.org/packages/b2/09/bc0b2ea40f797f413f1db4a33dc83c562918b8f970938144756bced82414/grpcio-1.72.1-cp313-cp313-musllinux_1_1_aarch64.whl", hash = "sha256:2ada1abe2ad122b42407b2bfd79d6706a4940d4797f44bd740f5c98ca1ecda9b", size = 5944393, upload_time = "2025-06-02T10:10:05.778Z" },
    { url = "https://files.pythonhosted.org/packages/54/92/9aa2c0c8d855e5b16062ec023ac0a1500b502790bbd724262f188253e90b/grpcio-1.72.1-cp313-cp313-musllinux_1_1_i686.whl", hash = "sha256:0db2766d0c482ee740abbe7d00a06cc4fb54f7e5a24d3cf27c3352be18a2b1e8", size = 6573460, upload_time = "2025-06-02T10:10:08.33Z" },
    { url = "https://files.pythonhosted.org/packages/aa/27/9fdfd66f65ab7e6a4477f7d0b7adf25171d3425760f138f075bc548f6bf4/grpcio-1.72.1-cp313-cp313-musllinux_1_1_x86_64.whl", hash = "sha256:c4bdb404d9c2187260b34e2b22783c204fba8a9023a166cf77376190d9cf5a08", size = 6120589, upload_time = "2025-06-02T10:10:11.06Z" },
    { url = "https://files.pythonhosted.org/packages/c3/f3/630c7a00a29001e0b82763fbd50ddcaa7c656d521f29aa58a6c8dd2b7800/grpcio-1.72.1-cp313-cp313-win32.whl", hash = "sha256:bb64722c3124c906a5b66e50a90fd36442642f653ba88a24f67d08e94bca59f3", size = 3545905, upload_time = "2025-06-02T10:10:13.521Z" },
    { url = "https://files.pythonhosted.org/packages/c4/10/b6186e92eba035315affc30dfeabf65594dd6f778b92627fae5f40e7beec/grpcio-1.72.1-cp313-cp313-win_amd64.whl", hash = "sha256:329cc6ff5b431df9614340d3825b066a1ff0a5809a01ba2e976ef48c65a0490b", size = 4221454, upload_time = "2025-06-02T10:10:16.73Z" },
]

[[package]]
name = "grpcio-tools"
version = "1.72.1"
source = { registry = "https://pypi.org/simple" }
dependencies = [
    { name = "grpcio" },
    { name = "protobuf" },
    { name = "setuptools" },
]
sdist = { url = "https://files.pythonhosted.org/packages/40/ed/4fa90629c410f8e07f9d9d6ab20fbf8e219540adc85ab2fa210ccdc59756/grpcio_tools-1.72.1.tar.gz", hash = "sha256:a11afb21d0e960eb41f3c3053206e9271ec42579582c13193b99a0dca6be86d1", size = 5404888, upload_time = "2025-06-02T10:14:26.741Z" }
wheels = [
    { url = "https://files.pythonhosted.org/packages/59/9f/36dff98b3307c60259da82fd570724663bcd75b646ebf0d0620629b6ddd5/grpcio_tools-1.72.1-cp312-cp312-linux_armv7l.whl", hash = "sha256:278330ce67fad1552fa1cd50bb606d8a75b45e6e5f08a53411e64bc925a8cb90", size = 2391427, upload_time = "2025-06-02T10:12:51.676Z" },
    { url = "https://files.pythonhosted.org/packages/b8/d7/27da7306e544605282193c46e1d1fa972e439ad0c1f25a46616c2ca29b79/grpcio_tools-1.72.1-cp312-cp312-macosx_11_0_universal2.whl", hash = "sha256:9d5eab6cc9953f45ba0046cb4a1b3822c884a81f77fe87b6a94fa65224602d17", size = 5529753, upload_time = "2025-06-02T10:12:54.023Z" },
    { url = "https://files.pythonhosted.org/packages/5f/73/38012e22eff5b8c9ca6a2071000b80b13d7fb451b9ef6f6566741b279a57/grpcio_tools-1.72.1-cp312-cp312-manylinux_2_17_aarch64.whl", hash = "sha256:3781920e1fe2077043e2894c81f817600c0947678ca3fc7feeea3f8e6d759e64", size = 2358439, upload_time = "2025-06-02T10:12:56.502Z" },
    { url = "https://files.pythonhosted.org/packages/a2/1b/abbdb15ff6a85cd4f903f44ee350f78b9ed0e63f211c1763a8d258e588a5/grpcio_tools-1.72.1-cp312-cp312-manylinux_2_17_i686.manylinux2014_i686.whl", hash = "sha256:d45da8f3733b2787ed41ea6f9d7dabde35736ae79e623905f7193abc7751e89e", size = 2746095, upload_time = "2025-06-02T10:13:02.345Z" },
    { url = "https://files.pythonhosted.org/packages/77/68/9c3f6b8ec9249c9d2017093442f9bc905cc858ea1bc8a3d7d7eb1453ef47/grpcio_tools-1.72.1-cp312-cp312-manylinux_2_17_x86_64.manylinux2014_x86_64.whl", hash = "sha256:d913853284380eceb795fbe65bd70675492316e983786daa0a52ef46c03c4402", size = 2479687, upload_time = "2025-06-02T10:13:05.084Z" },
    { url = "https://files.pythonhosted.org/packages/98/72/d6cc50c916aab0bfd5616893ae5e99a1d580f476adab7388236e5a5416cf/grpcio_tools-1.72.1-cp312-cp312-musllinux_1_1_aarch64.whl", hash = "sha256:260fccf562af3db4742c615bb31f828c75d0bc15a15d4bce9250920029160992", size = 2878076, upload_time = "2025-06-02T10:13:07.252Z" },
    { url = "https://files.pythonhosted.org/packages/37/4a/01b200bfe9b8015b08dbee1a1b43d523a16f92f878adbe1a8db78ac4e707/grpcio_tools-1.72.1-cp312-cp312-musllinux_1_1_i686.whl", hash = "sha256:6475ad34b420a15b0964c2ae0f223d485758917cd08a3935b934e1acb1f199e8", size = 3328513, upload_time = "2025-06-02T10:13:09.443Z" },
    { url = "https://files.pythonhosted.org/packages/10/68/1b517e3b3f096f1bc1dc7923e3771792d749f00ac6b325170d3e88101c5e/grpcio_tools-1.72.1-cp312-cp312-musllinux_1_1_x86_64.whl", hash = "sha256:ea4bcc240ca4c89121cffa395fef55a7bc1bafd1140bfed6ca02f6346b9b9b73", size = 2944597, upload_time = "2025-06-02T10:13:11.45Z" },
    { url = "https://files.pythonhosted.org/packages/4a/e7/71418b1498db8a0c91c1ab7986a7c05912cf60a21d0c22f06b60ff86cf19/grpcio_tools-1.72.1-cp312-cp312-win32.whl", hash = "sha256:7b64ed249b482fc5f8a368c888f3b16e08120249a463ec293ae719e01a700c97", size = 950503, upload_time = "2025-06-02T10:13:13.264Z" },
    { url = "https://files.pythonhosted.org/packages/03/3d/6141b1e1b758c2dc8a1ebc8cc1dc314db639334c9787d5965e6a16f41dd4/grpcio_tools-1.72.1-cp312-cp312-win_amd64.whl", hash = "sha256:0a086ca0b745cad77829cd3ae1219317be677dcb912f778b1c420edc585cca4c", size = 1119888, upload_time = "2025-06-02T10:13:15.794Z" },
    { url = "https://files.pythonhosted.org/packages/8f/af/68e9e6bb196cbd161a4a0bfae980ff20fa75a9705be00c61a019bb45fa40/grpcio_tools-1.72.1-cp313-cp313-linux_armv7l.whl", hash = "sha256:7080195537e28497078b6738aa2c24dc35d3bda183fa1bbe2d76d65181f10ef5", size = 2390855, upload_time = "2025-06-02T10:13:18.097Z" },
    { url = "https://files.pythonhosted.org/packages/1b/67/f5be3c0a77c3a32560d440cce651b6d18350485c21128aa2178e46a6ec84/grpcio_tools-1.72.1-cp313-cp313-macosx_11_0_universal2.whl", hash = "sha256:858e78324fe40664c367e9047c02d5c44fc1fc35034f3b70fe9bd4b6b112f425", size = 5526981, upload_time = "2025-06-02T10:13:20.529Z" },
    { url = "https://files.pythonhosted.org/packages/16/e8/328433b4c1ae8d5c66a6cf1a0dbbcd45d5f98c015b764a7f8ad295857f72/grpcio_tools-1.72.1-cp313-cp313-manylinux_2_17_aarch64.whl", hash = "sha256:55128065d4ad006912462b2927e5b546f15fa95e2858f680aeac57ac8e4abc1f", size = 2357672, upload_time = "2025-06-02T10:13:22.701Z" },
    { url = "https://files.pythonhosted.org/packages/b9/26/5fb0c355afe31e0fce0ba181e3eb54368274dd4ab68ba7011c608aa8f0f4/grpcio_tools-1.72.1-cp313-cp313-manylinux_2_17_i686.manylinux2014_i686.whl", hash = "sha256:1cb8a71190e344acec4dc764be1a732d1b9deda5290ce5a206cc52d41140f8c3", size = 2745858, upload_time = "2025-06-02T10:13:24.894Z" },
    { url = "https://files.pythonhosted.org/packages/8b/d1/545dc50928b3bc57fde47737a0abc40d8fc5334a57111eed8522e777150d/grpcio_tools-1.72.1-cp313-cp313-manylinux_2_17_x86_64.manylinux2014_x86_64.whl", hash = "sha256:84cca6388e91aa328fd9fa4e6a649b8304e18df0147c2a8209da1f720b82fdde", size = 2479238, upload_time = "2025-06-02T10:13:26.934Z" },
    { url = "https://files.pythonhosted.org/packages/e0/31/6a2419fd41342e1383a99fe179bf9c481387dabe1a826ab6759738702763/grpcio_tools-1.72.1-cp313-cp313-musllinux_1_1_aarch64.whl", hash = "sha256:899c72d546fe2ffc1095b12e0bd0c436bbe7e88f82122a403110427a5d8c82ff", size = 2877527, upload_time = "2025-06-02T10:13:30.106Z" },
    { url = "https://files.pythonhosted.org/packages/8b/24/34cb12e2ab7ceb4b44ed5cfaea653195c2c2d7241361ac98ebca7494d56c/grpcio_tools-1.72.1-cp313-cp313-musllinux_1_1_i686.whl", hash = "sha256:e77d7fe675607b0377128c115de8109f1d8fe5a01f051d63670353b497be5254", size = 3328177, upload_time = "2025-06-02T10:13:32.622Z" },
    { url = "https://files.pythonhosted.org/packages/41/1b/d7cceafeefafbc9de88c6260c5fffba888def63d977891e34e9543987a22/grpcio_tools-1.72.1-cp313-cp313-musllinux_1_1_x86_64.whl", hash = "sha256:0bf1dd03c3107057cc0dda8614a13034cc9a15b50cb6e2605f33b1be1a0a6c61", size = 2944043, upload_time = "2025-06-02T10:13:35.341Z" },
    { url = "https://files.pythonhosted.org/packages/72/bb/9415cde98f88dd983e1e1bc89f785b189152b8ae8557575953aba39febf5/grpcio_tools-1.72.1-cp313-cp313-win32.whl", hash = "sha256:1cb51b201e5f0634c0cabd4e8b82c0b0ff69672a8835f4285be28f84002b4edb", size = 950370, upload_time = "2025-06-02T10:13:37.551Z" },
    { url = "https://files.pythonhosted.org/packages/3c/1b/86273d4e15ac5fea4966a2b16ba565c04a57aa9879edf186fa7a577d914e/grpcio_tools-1.72.1-cp313-cp313-win_amd64.whl", hash = "sha256:cac4f14e87ea0f736233662797e01aa33389781b40b49e42c8ed5d9b86f70626", size = 1119566, upload_time = "2025-06-02T10:13:40.685Z" },
]

[[package]]
name = "mypy-protobuf"
version = "3.6.0"
source = { registry = "https://pypi.org/simple" }
dependencies = [
    { name = "protobuf" },
    { name = "types-protobuf" },
]
sdist = { url = "https://files.pythonhosted.org/packages/4d/6f/282d64d66bf48ce60e38a6560753f784e0f88ab245ac2fb5e93f701a36cd/mypy-protobuf-3.6.0.tar.gz", hash = "sha256:02f242eb3409f66889f2b1a3aa58356ec4d909cdd0f93115622e9e70366eca3c", size = 24445, upload_time = "2024-04-01T20:24:42.837Z" }
wheels = [
    { url = "https://files.pythonhosted.org/packages/e8/73/d6b999782ae22f16971cc05378b3b33f6a89ede3b9619e8366aa23484bca/mypy_protobuf-3.6.0-py3-none-any.whl", hash = "sha256:56176e4d569070e7350ea620262478b49b7efceba4103d468448f1d21492fd6c", size = 16434, upload_time = "2024-04-01T20:24:40.583Z" },
]

[[package]]
name = "protobuf"
version = "6.31.1"
source = { registry = "https://pypi.org/simple" }
sdist = { url = "https://files.pythonhosted.org/packages/52/f3/b9655a711b32c19720253f6f06326faf90580834e2e83f840472d752bc8b/protobuf-6.31.1.tar.gz", hash = "sha256:d8cac4c982f0b957a4dc73a80e2ea24fab08e679c0de9deb835f4a12d69aca9a", size = 441797, upload_time = "2025-05-28T19:25:54.947Z" }
wheels = [
    { url = "https://files.pythonhosted.org/packages/f3/6f/6ab8e4bf962fd5570d3deaa2d5c38f0a363f57b4501047b5ebeb83ab1125/protobuf-6.31.1-cp310-abi3-win32.whl", hash = "sha256:7fa17d5a29c2e04b7d90e5e32388b8bfd0e7107cd8e616feef7ed3fa6bdab5c9", size = 423603, upload_time = "2025-05-28T19:25:41.198Z" },
    { url = "https://files.pythonhosted.org/packages/44/3a/b15c4347dd4bf3a1b0ee882f384623e2063bb5cf9fa9d57990a4f7df2fb6/protobuf-6.31.1-cp310-abi3-win_amd64.whl", hash = "sha256:426f59d2964864a1a366254fa703b8632dcec0790d8862d30034d8245e1cd447", size = 435283, upload_time = "2025-05-28T19:25:44.275Z" },
    { url = "https://files.pythonhosted.org/packages/6a/c9/b9689a2a250264a84e66c46d8862ba788ee7a641cdca39bccf64f59284b7/protobuf-6.31.1-cp39-abi3-macosx_10_9_universal2.whl", hash = "sha256:6f1227473dc43d44ed644425268eb7c2e488ae245d51c6866d19fe158e207402", size = 425604, upload_time = "2025-05-28T19:25:45.702Z" },
    { url = "https://files.pythonhosted.org/packages/76/a1/7a5a94032c83375e4fe7e7f56e3976ea6ac90c5e85fac8576409e25c39c3/protobuf-6.31.1-cp39-abi3-manylinux2014_aarch64.whl", hash = "sha256:a40fc12b84c154884d7d4c4ebd675d5b3b5283e155f324049ae396b95ddebc39", size = 322115, upload_time = "2025-05-28T19:25:47.128Z" },
    { url = "https://files.pythonhosted.org/packages/fa/b1/b59d405d64d31999244643d88c45c8241c58f17cc887e73bcb90602327f8/protobuf-6.31.1-cp39-abi3-manylinux2014_x86_64.whl", hash = "sha256:4ee898bf66f7a8b0bd21bce523814e6fbd8c6add948045ce958b73af7e8878c6", size = 321070, upload_time = "2025-05-28T19:25:50.036Z" },
    { url = "https://files.pythonhosted.org/packages/f7/af/ab3c51ab7507a7325e98ffe691d9495ee3d3aa5f589afad65ec920d39821/protobuf-6.31.1-py3-none-any.whl", hash = "sha256:720a6c7e6b77288b85063569baae8536671b39f15cc22037ec7045658d80489e", size = 168724, upload_time = "2025-05-28T19:25:53.926Z" },
]

[[package]]
name = "pycparser"
version = "2.22"
source = { registry = "https://pypi.org/simple" }
sdist = { url = "https://files.pythonhosted.org/packages/1d/b2/31537cf4b1ca988837256c910a668b553fceb8f069bedc4b1c826024b52c/pycparser-2.22.tar.gz", hash = "sha256:491c8be9c040f5390f5bf44a5b07752bd07f56edf992381b05c701439eec10f6", size = 172736, upload_time = "2024-03-30T13:22:22.564Z" }
wheels = [
    { url = "https://files.pythonhosted.org/packages/13/a3/a812df4e2dd5696d1f351d58b8fe16a405b234ad2886a0dab9183fb78109/pycparser-2.22-py3-none-any.whl", hash = "sha256:c3702b6d3dd8c7abc1afa565d7e63d53a1d0bd86cdc24edd75470f4de499cfcc", size = 117552, upload_time = "2024-03-30T13:22:20.476Z" },
]

[[package]]
name = "safe"
version = "0.1.0"
source = { editable = "." }
dependencies = [
    { name = "cryptography" },
]

[package.dev-dependencies]
dev = [
    { name = "grpcio-tools" },
    { name = "mypy-protobuf" },
]

[package.metadata]
requires-dist = [{ name = "cryptography", specifier = ">=45.0.3" }]

[package.metadata.requires-dev]
dev = [
    { name = "grpcio-tools", specifier = ">=1.72.1" },
    { name = "mypy-protobuf", specifier = ">=3.6.0" },
]

[[package]]
name = "setuptools"
version = "80.9.0"
source = { registry = "https://pypi.org/simple" }
sdist = { url = "https://files.pythonhosted.org/packages/18/5d/3bf57dcd21979b887f014ea83c24ae194cfcd12b9e0fda66b957c69d1fca/setuptools-80.9.0.tar.gz", hash = "sha256:f36b47402ecde768dbfafc46e8e4207b4360c654f1f3bb84475f0a28628fb19c", size = 1319958, upload_time = "2025-05-27T00:56:51.443Z" }
wheels = [
    { url = "https://files.pythonhosted.org/packages/a3/dc/17031897dae0efacfea57dfd3a82fdd2a2aeb58e0ff71b77b87e44edc772/setuptools-80.9.0-py3-none-any.whl", hash = "sha256:062d34222ad13e0cc312a4c02d73f059e86a4acbfbdea8f8f76b28c99f306922", size = 1201486, upload_time = "2025-05-27T00:56:49.664Z" },
]

[[package]]
name = "types-protobuf"
version = "6.30.2.20250516"
source = { registry = "https://pypi.org/simple" }
sdist = { url = "https://files.pythonhosted.org/packages/ac/6c/5cf088aaa3927d1cc39910f60f220f5ff573ab1a6485b2836e8b26beb58c/types_protobuf-6.30.2.20250516.tar.gz", hash = "sha256:aecd1881770a9bb225ede66872ef7f0da4505edd0b193108edd9892e48d49a41", size = 62254, upload_time = "2025-05-16T03:06:50.794Z" }
wheels = [
    { url = "https://files.pythonhosted.org/packages/c0/66/06a9c161f5dd5deb4f5c016ba29106a8f1903eb9a1ba77d407dd6588fecb/types_protobuf-6.30.2.20250516-py3-none-any.whl", hash = "sha256:8c226d05b5e8b2623111765fa32d6e648bbc24832b4c2fddf0fa340ba5d5b722", size = 76480, upload_time = "2025-05-16T03:06:49.444Z" },
]
